
Microsoft Visual Studio Solution File, Format Version 12.00
# Visual Studio Version 17
VisualStudioVersion = 17.4.33213.308
MinimumVisualStudioVersion = 10.0.40219.1
Project("{FAE04EC0-301F-11D3-BF4B-00C04F79EFBC}") = "IT-Service-Provider", "IT-Service-Provider.csproj", "{8AD13266-5371-4866-A9D7-729D70643911}"
EndProject
Global
	GlobalSection(SolutionConfigurationPlatforms) = preSolution
		Debug|Any CPU = Debug|Any CPU
		Release|Any CPU = Release|Any CPU
	EndGlobalSection
	GlobalSection(ProjectConfigurationPlatforms) = postSolution
		{8AD13266-5371-4866-A9D7-729D70643911}.Debug|Any CPU.ActiveCfg = Debug|Any CPU
		{8AD13266-5371-4866-A9D7-729D70643911}.Debug|Any CPU.Build.0 = Debug|Any CPU
		{8AD13266-5371-4866-A9D7-729D70643911}.Release|Any CPU.ActiveCfg = Release|Any CPU
		{8AD13266-5371-4866-A9D7-729D70643911}.Release|Any CPU.Build.0 = Release|Any CPU
	EndGlobalSection
	GlobalSection(SolutionProperties) = preSolution
		HideSolutionNode = FALSE
	EndGlobalSection
	GlobalSection(ExtensibilityGlobals) = postSolution
		SolutionGuid = {9B63B1D6-31E1-48AD-BE85-C3631E50CB7E}
	EndGlobalSection
EndGlobal
